
Microsoft Visual Studio Solution File, Format Version 12.00
# Visual Studio 2012
Project("{FAE04EC0-301F-11D3-BF4B-00C04F79EFBC}") = "flashcards", "flashcards\flashcards.csproj", "{073B0C5E-C3CD-4ACE-A5BE-6FA8946B4701}"
EndProject
Global
	GlobalSection(SolutionConfigurationPlatforms) = preSolution
		Debug|Any CPU = Debug|Any CPU
		Release|Any CPU = Release|Any CPU
	EndGlobalSection
	GlobalSection(ProjectConfigurationPlatforms) = postSolution
		{073B0C5E-C3CD-4ACE-A5BE-6FA8946B4701}.Debug|Any CPU.ActiveCfg = Debug|Any CPU
		{073B0C5E-C3CD-4ACE-A5BE-6FA8946B4701}.Debug|Any CPU.Build.0 = Debug|Any CPU
		{073B0C5E-C3CD-4ACE-A5BE-6FA8946B4701}.Release|Any CPU.ActiveCfg = Release|Any CPU
		{073B0C5E-C3CD-4ACE-A5BE-6FA8946B4701}.Release|Any CPU.Build.0 = Release|Any CPU
	EndGlobalSection
	GlobalSection(SolutionProperties) = preSolution
		HideSolutionNode = FALSE
	EndGlobalSection
EndGlobal
